
Microsoft Visual Studio Solution File, Format Version 12.00
# Visual Studio Version 17
VisualStudioVersion = 17.4.33205.214
MinimumVisualStudioVersion = 10.0.40219.1
Project("{FAE04EC0-301F-11D3-BF4B-00C04F79EFBC}") = "AddressBookSystem", "AddressBookSystem\AddressBookSystem.csproj", "{AFD6F6A9-0DBE-4016-9BFD-45A34AD5877B}"
EndProject
Global
	GlobalSection(SolutionConfigurationPlatforms) = preSolution
		Debug|Any CPU = Debug|Any CPU
		Release|Any CPU = Release|Any CPU
	EndGlobalSection
	GlobalSection(ProjectConfigurationPlatforms) = postSolution
		{AFD6F6A9-0DBE-4016-9BFD-45A34AD5877B}.Debug|Any CPU.ActiveCfg = Debug|Any CPU
		{AFD6F6A9-0DBE-4016-9BFD-45A34AD5877B}.Debug|Any CPU.Build.0 = Debug|Any CPU
		{AFD6F6A9-0DBE-4016-9BFD-45A34AD5877B}.Release|Any CPU.ActiveCfg = Release|Any CPU
		{AFD6F6A9-0DBE-4016-9BFD-45A34AD5877B}.Release|Any CPU.Build.0 = Release|Any CPU
	EndGlobalSection
	GlobalSection(SolutionProperties) = preSolution
		HideSolutionNode = FALSE
	EndGlobalSection
	GlobalSection(ExtensibilityGlobals) = postSolution
		SolutionGuid = {E48422A2-0898-4943-A2DE-7A151058EDBA}
	EndGlobalSection
EndGlobal
